
Microsoft Visual Studio Solution File, Format Version 12.00
# Visual Studio Version 17
VisualStudioVersion = 17.2.32526.322
MinimumVisualStudioVersion = 10.0.40219.1
Project("{9A19103F-16F7-4668-BE54-9A1E7A4F7556}") = "1929ConcatenationOfArray", "1929ConcatenationOfArray\1929ConcatenationOfArray.csproj", "{318A38FF-A505-4824-BC45-9300D410F5EC}"
EndProject
Project("{9A19103F-16F7-4668-BE54-9A1E7A4F7556}") = "1470ShuffleTheArray", "1470ShuffleTheArray\1470ShuffleTheArray.csproj", "{35245DBC-4F2E-40BE-99F1-0E6650F1F6BE}"
EndProject
Project("{9A19103F-16F7-4668-BE54-9A1E7A4F7556}") = "1512NumberOfGoodPairs", "1512NumberOfGoodPairs\1512NumberOfGoodPairs.csproj", "{9E922BF6-03CF-4105-8910-8C79CD714CD5}"
EndProject
Project("{9A19103F-16F7-4668-BE54-9A1E7A4F7556}") = "PrintDecimalInBinary", "PrintDecimalInBinary\PrintDecimalInBinary.csproj", "{23FE6DEB-6283-41D1-9C71-B7EECE12CF52}"
EndProject
Project("{9A19103F-16F7-4668-BE54-9A1E7A4F7556}") = "0344ReverseString", "0344ReverseString\0344ReverseString.csproj", "{59EFE4B9-EFFA-481E-9969-20D41559F127}"
EndProject
Project("{9A19103F-16F7-4668-BE54-9A1E7A4F7556}") = "0024SwapNodesInPairs", "0024SwapNodesInPairs\0024SwapNodesInPairs.csproj", "{835DE069-63A5-4685-A2C1-F779D14B935E}"
EndProject
Project("{9A19103F-16F7-4668-BE54-9A1E7A4F7556}") = "0141LinkedListCycle", "0141LinkedListCycle\0141LinkedListCycle.csproj", "{16D2A0FB-6309-43AB-8578-A380CAF2B4D9}"
EndProject
Project("{9A19103F-16F7-4668-BE54-9A1E7A4F7556}") = "0098ValidateBinarySearchTree", "0098ValidateBinarySearchTree\0098ValidateBinarySearchTree.csproj", "{BC347ACB-EA76-40CD-8919-42C275E0099C}"
EndProject
Project("{9A19103F-16F7-4668-BE54-9A1E7A4F7556}") = "0700SearchInBST", "0700SearchInBST\0700SearchInBST.csproj", "{F2C6C5EC-2817-48EE-BB1C-EB9560F358AE}"
EndProject
Project("{9A19103F-16F7-4668-BE54-9A1E7A4F7556}") = "RecursieOpdrachten", "RecursieOpdrachten\RecursieOpdrachten.csproj", "{BDF34407-8BE0-4339-A003-EE072211C773}"
EndProject
Project("{9A19103F-16F7-4668-BE54-9A1E7A4F7556}") = "0013RomanToInt", "0013RomanToInt\0013RomanToInt.csproj", "{B2C6BE54-EA5B-4471-9DD1-7C1C4FE51B32}"
EndProject
Project("{9A19103F-16F7-4668-BE54-9A1E7A4F7556}") = "0231PowerOfTwo", "0231PowerOfTwo\0231PowerOfTwo.csproj", "{0170D0E6-9D27-4BE6-9B6B-A8A4D79055D3}"
EndProject
Project("{9A19103F-16F7-4668-BE54-9A1E7A4F7556}") = "0326PowerOfThree", "0326PowerOfThree\0326PowerOfThree.csproj", "{C9E8E6C4-04CC-45AC-A34E-1E4779AF947A}"
EndProject
Project("{9A19103F-16F7-4668-BE54-9A1E7A4F7556}") = "0342PowerOfFour", "0342PowerOfFour\0342PowerOfFour.csproj", "{56A1ABAA-DD7B-4FCB-87B6-C0D12353946A}"
EndProject
Project("{9A19103F-16F7-4668-BE54-9A1E7A4F7556}") = "0509FibonacciNumber", "0509FibonacciNumber\0509FibonacciNumber.csproj", "{B04977D6-79FA-4D28-8950-A88F16104AAC}"
EndProject
Project("{9A19103F-16F7-4668-BE54-9A1E7A4F7556}") = "1431KidsWithGreatestNumberOfCandy", "1431KidsWithGreatestNumberOfCandy\1431KidsWithGreatestNumberOfCandy.csproj", "{6FA9A62C-44BB-4557-AF1A-5139968A1FE3}"
EndProject
Project("{FAE04EC0-301F-11D3-BF4B-00C04F79EFBC}") = "1523CountOddNumbers", "1523CountOddNumbers\1523CountOddNumbers.csproj", "{30549E52-601A-43CE-A567-A40FDA3D4AF6}"
EndProject
Project("{FAE04EC0-301F-11D3-BF4B-00C04F79EFBC}") = "1491AverageSalary", "1491AverageSalary\1491AverageSalary.csproj", "{A3A33C5F-C2CC-4932-A4CC-4A5648517B8C}"
EndProject
Global
	GlobalSection(SolutionConfigurationPlatforms) = preSolution
		Debug|Any CPU = Debug|Any CPU
		Release|Any CPU = Release|Any CPU
	EndGlobalSection
	GlobalSection(ProjectConfigurationPlatforms) = postSolution
		{318A38FF-A505-4824-BC45-9300D410F5EC}.Debug|Any CPU.ActiveCfg = Debug|Any CPU
		{318A38FF-A505-4824-BC45-9300D410F5EC}.Debug|Any CPU.Build.0 = Debug|Any CPU
		{318A38FF-A505-4824-BC45-9300D410F5EC}.Release|Any CPU.ActiveCfg = Release|Any CPU
		{318A38FF-A505-4824-BC45-9300D410F5EC}.Release|Any CPU.Build.0 = Release|Any CPU
		{35245DBC-4F2E-40BE-99F1-0E6650F1F6BE}.Debug|Any CPU.ActiveCfg = Debug|Any CPU
		{35245DBC-4F2E-40BE-99F1-0E6650F1F6BE}.Debug|Any CPU.Build.0 = Debug|Any CPU
		{35245DBC-4F2E-40BE-99F1-0E6650F1F6BE}.Release|Any CPU.ActiveCfg = Release|Any CPU
		{35245DBC-4F2E-40BE-99F1-0E6650F1F6BE}.Release|Any CPU.Build.0 = Release|Any CPU
		{9E922BF6-03CF-4105-8910-8C79CD714CD5}.Debug|Any CPU.ActiveCfg = Debug|Any CPU
		{9E922BF6-03CF-4105-8910-8C79CD714CD5}.Debug|Any CPU.Build.0 = Debug|Any CPU
		{9E922BF6-03CF-4105-8910-8C79CD714CD5}.Release|Any CPU.ActiveCfg = Release|Any CPU
		{9E922BF6-03CF-4105-8910-8C79CD714CD5}.Release|Any CPU.Build.0 = Release|Any CPU
		{23FE6DEB-6283-41D1-9C71-B7EECE12CF52}.Debug|Any CPU.ActiveCfg = Debug|Any CPU
		{23FE6DEB-6283-41D1-9C71-B7EECE12CF52}.Debug|Any CPU.Build.0 = Debug|Any CPU
		{23FE6DEB-6283-41D1-9C71-B7EECE12CF52}.Release|Any CPU.ActiveCfg = Release|Any CPU
		{23FE6DEB-6283-41D1-9C71-B7EECE12CF52}.Release|Any CPU.Build.0 = Release|Any CPU
		{59EFE4B9-EFFA-481E-9969-20D41559F127}.Debug|Any CPU.ActiveCfg = Debug|Any CPU
		{59EFE4B9-EFFA-481E-9969-20D41559F127}.Debug|Any CPU.Build.0 = Debug|Any CPU
		{59EFE4B9-EFFA-481E-9969-20D41559F127}.Release|Any CPU.ActiveCfg = Release|Any CPU
		{59EFE4B9-EFFA-481E-9969-20D41559F127}.Release|Any CPU.Build.0 = Release|Any CPU
		{835DE069-63A5-4685-A2C1-F779D14B935E}.Debug|Any CPU.ActiveCfg = Debug|Any CPU
		{835DE069-63A5-4685-A2C1-F779D14B935E}.Debug|Any CPU.Build.0 = Debug|Any CPU
		{835DE069-63A5-4685-A2C1-F779D14B935E}.Release|Any CPU.ActiveCfg = Release|Any CPU
		{835DE069-63A5-4685-A2C1-F779D14B935E}.Release|Any CPU.Build.0 = Release|Any CPU
		{16D2A0FB-6309-43AB-8578-A380CAF2B4D9}.Debug|Any CPU.ActiveCfg = Debug|Any CPU
		{16D2A0FB-6309-43AB-8578-A380CAF2B4D9}.Debug|Any CPU.Build.0 = Debug|Any CPU
		{16D2A0FB-6309-43AB-8578-A380CAF2B4D9}.Release|Any CPU.ActiveCfg = Release|Any CPU
		{16D2A0FB-6309-43AB-8578-A380CAF2B4D9}.Release|Any CPU.Build.0 = Release|Any CPU
		{BC347ACB-EA76-40CD-8919-42C275E0099C}.Debug|Any CPU.ActiveCfg = Debug|Any CPU
		{BC347ACB-EA76-40CD-8919-42C275E0099C}.Debug|Any CPU.Build.0 = Debug|Any CPU
		{BC347ACB-EA76-40CD-8919-42C275E0099C}.Release|Any CPU.ActiveCfg = Release|Any CPU
		{BC347ACB-EA76-40CD-8919-42C275E0099C}.Release|Any CPU.Build.0 = Release|Any CPU
		{F2C6C5EC-2817-48EE-BB1C-EB9560F358AE}.Debug|Any CPU.ActiveCfg = Debug|Any CPU
		{F2C6C5EC-2817-48EE-BB1C-EB9560F358AE}.Debug|Any CPU.Build.0 = Debug|Any CPU
		{F2C6C5EC-2817-48EE-BB1C-EB9560F358AE}.Release|Any CPU.ActiveCfg = Release|Any CPU
		{F2C6C5EC-2817-48EE-BB1C-EB9560F358AE}.Release|Any CPU.Build.0 = Release|Any CPU
		{BDF34407-8BE0-4339-A003-EE072211C773}.Debug|Any CPU.ActiveCfg = Debug|Any CPU
		{BDF34407-8BE0-4339-A003-EE072211C773}.Debug|Any CPU.Build.0 = Debug|Any CPU
		{BDF34407-8BE0-4339-A003-EE072211C773}.Release|Any CPU.ActiveCfg = Release|Any CPU
		{BDF34407-8BE0-4339-A003-EE072211C773}.Release|Any CPU.Build.0 = Release|Any CPU
		{B2C6BE54-EA5B-4471-9DD1-7C1C4FE51B32}.Debug|Any CPU.ActiveCfg = Debug|Any CPU
		{B2C6BE54-EA5B-4471-9DD1-7C1C4FE51B32}.Debug|Any CPU.Build.0 = Debug|Any CPU
		{B2C6BE54-EA5B-4471-9DD1-7C1C4FE51B32}.Release|Any CPU.ActiveCfg = Release|Any CPU
		{B2C6BE54-EA5B-4471-9DD1-7C1C4FE51B32}.Release|Any CPU.Build.0 = Release|Any CPU
		{0170D0E6-9D27-4BE6-9B6B-A8A4D79055D3}.Debug|Any CPU.ActiveCfg = Debug|Any CPU
		{0170D0E6-9D27-4BE6-9B6B-A8A4D79055D3}.Debug|Any CPU.Build.0 = Debug|Any CPU
		{0170D0E6-9D27-4BE6-9B6B-A8A4D79055D3}.Release|Any CPU.ActiveCfg = Release|Any CPU
		{0170D0E6-9D27-4BE6-9B6B-A8A4D79055D3}.Release|Any CPU.Build.0 = Release|Any CPU
		{C9E8E6C4-04CC-45AC-A34E-1E4779AF947A}.Debug|Any CPU.ActiveCfg = Debug|Any CPU
		{C9E8E6C4-04CC-45AC-A34E-1E4779AF947A}.Debug|Any CPU.Build.0 = Debug|Any CPU
		{C9E8E6C4-04CC-45AC-A34E-1E4779AF947A}.Release|Any CPU.ActiveCfg = Release|Any CPU
		{C9E8E6C4-04CC-45AC-A34E-1E4779AF947A}.Release|Any CPU.Build.0 = Release|Any CPU
		{56A1ABAA-DD7B-4FCB-87B6-C0D12353946A}.Debug|Any CPU.ActiveCfg = Debug|Any CPU
		{56A1ABAA-DD7B-4FCB-87B6-C0D12353946A}.Debug|Any CPU.Build.0 = Debug|Any CPU
		{56A1ABAA-DD7B-4FCB-87B6-C0D12353946A}.Release|Any CPU.ActiveCfg = Release|Any CPU
		{56A1ABAA-DD7B-4FCB-87B6-C0D12353946A}.Release|Any CPU.Build.0 = Release|Any CPU
		{B04977D6-79FA-4D28-8950-A88F16104AAC}.Debug|Any CPU.ActiveCfg = Debug|Any CPU
		{B04977D6-79FA-4D28-8950-A88F16104AAC}.Debug|Any CPU.Build.0 = Debug|Any CPU
		{B04977D6-79FA-4D28-8950-A88F16104AAC}.Release|Any CPU.ActiveCfg = Release|Any CPU
		{B04977D6-79FA-4D28-8950-A88F16104AAC}.Release|Any CPU.Build.0 = Release|Any CPU
		{6FA9A62C-44BB-4557-AF1A-5139968A1FE3}.Debug|Any CPU.ActiveCfg = Debug|Any CPU
		{6FA9A62C-44BB-4557-AF1A-5139968A1FE3}.Debug|Any CPU.Build.0 = Debug|Any CPU
		{6FA9A62C-44BB-4557-AF1A-5139968A1FE3}.Release|Any CPU.ActiveCfg = Release|Any CPU
		{6FA9A62C-44BB-4557-AF1A-5139968A1FE3}.Release|Any CPU.Build.0 = Release|Any CPU
		{30549E52-601A-43CE-A567-A40FDA3D4AF6}.Debug|Any CPU.ActiveCfg = Debug|Any CPU
		{30549E52-601A-43CE-A567-A40FDA3D4AF6}.Debug|Any CPU.Build.0 = Debug|Any CPU
		{30549E52-601A-43CE-A567-A40FDA3D4AF6}.Release|Any CPU.ActiveCfg = Release|Any CPU
		{30549E52-601A-43CE-A567-A40FDA3D4AF6}.Release|Any CPU.Build.0 = Release|Any CPU
		{A3A33C5F-C2CC-4932-A4CC-4A5648517B8C}.Debug|Any CPU.ActiveCfg = Debug|Any CPU
		{A3A33C5F-C2CC-4932-A4CC-4A5648517B8C}.Debug|Any CPU.Build.0 = Debug|Any CPU
		{A3A33C5F-C2CC-4932-A4CC-4A5648517B8C}.Release|Any CPU.ActiveCfg = Release|Any CPU
		{A3A33C5F-C2CC-4932-A4CC-4A5648517B8C}.Release|Any CPU.Build.0 = Release|Any CPU
	EndGlobalSection
	GlobalSection(SolutionProperties) = preSolution
		HideSolutionNode = FALSE
	EndGlobalSection
	GlobalSection(ExtensibilityGlobals) = postSolution
		SolutionGuid = {A47F53DB-4ACD-4873-A179-9118FAF900BB}
	EndGlobalSection
EndGlobal
